// !$*UTF8*$!
{
	archiveVersion = 1;
	classes = {
	};
	objectVersion = 56;
	objects = {

/* Begin PBXBuildFile section */
		8903D84C2A9F46A6004034D5 /* MovieDetailsRepository.swift in Sources */ = {isa = PBXBuildFile; fileRef = 8903D84B2A9F46A6004034D5 /* MovieDetailsRepository.swift */; };
		8903D8502A9F4C5E004034D5 /* MovieDetailsModel.swift in Sources */ = {isa = PBXBuildFile; fileRef = 8903D84F2A9F4C5E004034D5 /* MovieDetailsModel.swift */; };
		8903D8522A9F50C6004034D5 /* MovieDetailsUseCase.swift in Sources */ = {isa = PBXBuildFile; fileRef = 8903D8512A9F50C6004034D5 /* MovieDetailsUseCase.swift */; };
		8903D8552AA00464004034D5 /* MovieListUseCaseMock.swift in Sources */ = {isa = PBXBuildFile; fileRef = 8903D8542AA00464004034D5 /* MovieListUseCaseMock.swift */; };
		8903D8572AA00541004034D5 /* ServiceMock.swift in Sources */ = {isa = PBXBuildFile; fileRef = 8903D8562AA00541004034D5 /* ServiceMock.swift */; };
		8903D8592AA00695004034D5 /* DecodableEntityMock.swift in Sources */ = {isa = PBXBuildFile; fileRef = 8903D8582AA00695004034D5 /* DecodableEntityMock.swift */; };
		8903D8992AA20894004034D5 /* AppDelegate.swift in Sources */ = {isa = PBXBuildFile; fileRef = 8903D8982AA20894004034D5 /* AppDelegate.swift */; };
		8903D89B2AA2089D004034D5 /* SceneDelegate.swift in Sources */ = {isa = PBXBuildFile; fileRef = 8903D89A2AA2089D004034D5 /* SceneDelegate.swift */; };
		8903D89D2AA20F8D004034D5 /* AppCoordinator.swift in Sources */ = {isa = PBXBuildFile; fileRef = 8903D89C2AA20F8D004034D5 /* AppCoordinator.swift */; };
		895A9FD52A9D58C400BA6D39 /* MovieListRequest.swift in Sources */ = {isa = PBXBuildFile; fileRef = 895A9FD42A9D58C400BA6D39 /* MovieListRequest.swift */; };
		895A9FD72A9D5D5500BA6D39 /* MovieListRepository.swift in Sources */ = {isa = PBXBuildFile; fileRef = 895A9FD62A9D5D5500BA6D39 /* MovieListRepository.swift */; };
		895A9FDF2A9D603D00BA6D39 /* MovieModel.swift in Sources */ = {isa = PBXBuildFile; fileRef = 895A9FDE2A9D603D00BA6D39 /* MovieModel.swift */; };
		895A9FE12A9D611B00BA6D39 /* MovieEntity.swift in Sources */ = {isa = PBXBuildFile; fileRef = 895A9FE02A9D611B00BA6D39 /* MovieEntity.swift */; };
		895A9FE62A9D644E00BA6D39 /* YassirNetworking in Frameworks */ = {isa = PBXBuildFile; productRef = 895A9FE52A9D644E00BA6D39 /* YassirNetworking */; };
		895A9FE82A9D64DC00BA6D39 /* MovieResultEntity.swift in Sources */ = {isa = PBXBuildFile; fileRef = 895A9FE72A9D64DC00BA6D39 /* MovieResultEntity.swift */; };
		895A9FEA2A9D658E00BA6D39 /* MovieListUseCase.swift in Sources */ = {isa = PBXBuildFile; fileRef = 895A9FE92A9D658E00BA6D39 /* MovieListUseCase.swift */; };
		895A9FF12A9D66D200BA6D39 /* MovieListViewModel.swift in Sources */ = {isa = PBXBuildFile; fileRef = 895A9FF02A9D66D200BA6D39 /* MovieListViewModel.swift */; };
		895A9FF32A9D66E600BA6D39 /* MovieListView.swift in Sources */ = {isa = PBXBuildFile; fileRef = 895A9FF22A9D66E600BA6D39 /* MovieListView.swift */; };
		895A9FF62A9F3D5E00BA6D39 /* MovieDetailsViewModel.swift in Sources */ = {isa = PBXBuildFile; fileRef = 895A9FF52A9F3D5E00BA6D39 /* MovieDetailsViewModel.swift */; };
		895A9FF82A9F3D6800BA6D39 /* MovieDetailsView.swift in Sources */ = {isa = PBXBuildFile; fileRef = 895A9FF72A9F3D6800BA6D39 /* MovieDetailsView.swift */; };
		895A9FFA2A9F3E0C00BA6D39 /* MovieDetailsRequest.swift in Sources */ = {isa = PBXBuildFile; fileRef = 895A9FF92A9F3E0C00BA6D39 /* MovieDetailsRequest.swift */; };
		895A9FFC2A9F423700BA6D39 /* MovieDetailsEntity.swift in Sources */ = {isa = PBXBuildFile; fileRef = 895A9FFB2A9F423700BA6D39 /* MovieDetailsEntity.swift */; };
		896AA7102AA26F45001821C1 /* AlertView.swift in Sources */ = {isa = PBXBuildFile; fileRef = 896AA70F2AA26F45001821C1 /* AlertView.swift */; };
		896AA7122AA27569001821C1 /* MovieListViewModelTests.swift in Sources */ = {isa = PBXBuildFile; fileRef = 896AA7112AA27569001821C1 /* MovieListViewModelTests.swift */; };
		896AA7142AA279BB001821C1 /* MovieDetailsViewModelTests.swift in Sources */ = {isa = PBXBuildFile; fileRef = 896AA7132AA279BB001821C1 /* MovieDetailsViewModelTests.swift */; };
		896AA7162AA27C58001821C1 /* MovieDetailsUseCaseMock.swift in Sources */ = {isa = PBXBuildFile; fileRef = 896AA7152AA27C58001821C1 /* MovieDetailsUseCaseMock.swift */; };
		896AA71C2AA28E3A001821C1 /* NetworkConstants.swift in Sources */ = {isa = PBXBuildFile; fileRef = 896AA71B2AA28E3A001821C1 /* NetworkConstants.swift */; };
		89AE59572A9BF0CC0008FD12 /* Assets.xcassets in Resources */ = {isa = PBXBuildFile; fileRef = 89AE59562A9BF0CC0008FD12 /* Assets.xcassets */; };
		89FC5DC42AA246B500C148FB /* MovieViewFactory.swift in Sources */ = {isa = PBXBuildFile; fileRef = 89FC5DC32AA246B500C148FB /* MovieViewFactory.swift */; };
/* End PBXBuildFile section */

/* Begin PBXContainerItemProxy section */
		89AE59602A9BF0CC0008FD12 /* PBXContainerItemProxy */ = {
			isa = PBXContainerItemProxy;
			containerPortal = 89AE59472A9BF0CA0008FD12 /* Project object */;
			proxyType = 1;
			remoteGlobalIDString = 89AE594E2A9BF0CA0008FD12;
			remoteInfo = YassirMovies;
		};
/* End PBXContainerItemProxy section */

/* Begin PBXFileReference section */
		8903D84B2A9F46A6004034D5 /* MovieDetailsRepository.swift */ = {isa = PBXFileReference; lastKnownFileType = sourcecode.swift; path = MovieDetailsRepository.swift; sourceTree = "<group>"; };
		8903D84F2A9F4C5E004034D5 /* MovieDetailsModel.swift */ = {isa = PBXFileReference; lastKnownFileType = sourcecode.swift; path = MovieDetailsModel.swift; sourceTree = "<group>"; };
		8903D8512A9F50C6004034D5 /* MovieDetailsUseCase.swift */ = {isa = PBXFileReference; lastKnownFileType = sourcecode.swift; path = MovieDetailsUseCase.swift; sourceTree = "<group>"; };
		8903D8542AA00464004034D5 /* MovieListUseCaseMock.swift */ = {isa = PBXFileReference; lastKnownFileType = sourcecode.swift; path = MovieListUseCaseMock.swift; sourceTree = "<group>"; };
		8903D8562AA00541004034D5 /* ServiceMock.swift */ = {isa = PBXFileReference; lastKnownFileType = sourcecode.swift; path = ServiceMock.swift; sourceTree = "<group>"; };
		8903D8582AA00695004034D5 /* DecodableEntityMock.swift */ = {isa = PBXFileReference; lastKnownFileType = sourcecode.swift; path = DecodableEntityMock.swift; sourceTree = "<group>"; };
		8903D8982AA20894004034D5 /* AppDelegate.swift */ = {isa = PBXFileReference; lastKnownFileType = sourcecode.swift; path = AppDelegate.swift; sourceTree = "<group>"; };
		8903D89A2AA2089D004034D5 /* SceneDelegate.swift */ = {isa = PBXFileReference; lastKnownFileType = sourcecode.swift; path = SceneDelegate.swift; sourceTree = "<group>"; };
		8903D89C2AA20F8D004034D5 /* AppCoordinator.swift */ = {isa = PBXFileReference; lastKnownFileType = sourcecode.swift; path = AppCoordinator.swift; sourceTree = "<group>"; };
		895A9FCB2A9C0F6B00BA6D39 /* YassirNetworking */ = {isa = PBXFileReference; lastKnownFileType = wrapper; name = YassirNetworking; path = ../YassirNetworking; sourceTree = "<group>"; };
		895A9FD42A9D58C400BA6D39 /* MovieListRequest.swift */ = {isa = PBXFileReference; lastKnownFileType = sourcecode.swift; path = MovieListRequest.swift; sourceTree = "<group>"; };
		895A9FD62A9D5D5500BA6D39 /* MovieListRepository.swift */ = {isa = PBXFileReference; lastKnownFileType = sourcecode.swift; path = MovieListRepository.swift; sourceTree = "<group>"; };
		895A9FDE2A9D603D00BA6D39 /* MovieModel.swift */ = {isa = PBXFileReference; lastKnownFileType = sourcecode.swift; path = MovieModel.swift; sourceTree = "<group>"; };
		895A9FE02A9D611B00BA6D39 /* MovieEntity.swift */ = {isa = PBXFileReference; lastKnownFileType = sourcecode.swift; path = MovieEntity.swift; sourceTree = "<group>"; };
		895A9FE72A9D64DC00BA6D39 /* MovieResultEntity.swift */ = {isa = PBXFileReference; lastKnownFileType = sourcecode.swift; path = MovieResultEntity.swift; sourceTree = "<group>"; };
		895A9FE92A9D658E00BA6D39 /* MovieListUseCase.swift */ = {isa = PBXFileReference; lastKnownFileType = sourcecode.swift; path = MovieListUseCase.swift; sourceTree = "<group>"; };
		895A9FF02A9D66D200BA6D39 /* MovieListViewModel.swift */ = {isa = PBXFileReference; lastKnownFileType = sourcecode.swift; path = MovieListViewModel.swift; sourceTree = "<group>"; };
		895A9FF22A9D66E600BA6D39 /* MovieListView.swift */ = {isa = PBXFileReference; lastKnownFileType = sourcecode.swift; path = MovieListView.swift; sourceTree = "<group>"; };
		895A9FF52A9F3D5E00BA6D39 /* MovieDetailsViewModel.swift */ = {isa = PBXFileReference; lastKnownFileType = sourcecode.swift; path = MovieDetailsViewModel.swift; sourceTree = "<group>"; };
		895A9FF72A9F3D6800BA6D39 /* MovieDetailsView.swift */ = {isa = PBXFileReference; lastKnownFileType = sourcecode.swift; path = MovieDetailsView.swift; sourceTree = "<group>"; };
		895A9FF92A9F3E0C00BA6D39 /* MovieDetailsRequest.swift */ = {isa = PBXFileReference; lastKnownFileType = sourcecode.swift; path = MovieDetailsRequest.swift; sourceTree = "<group>"; };
		895A9FFB2A9F423700BA6D39 /* MovieDetailsEntity.swift */ = {isa = PBXFileReference; lastKnownFileType = sourcecode.swift; path = MovieDetailsEntity.swift; sourceTree = "<group>"; };
		896AA70E2AA268B6001821C1 /* Info.plist */ = {isa = PBXFileReference; lastKnownFileType = text.plist.xml; path = Info.plist; sourceTree = "<group>"; };
		896AA70F2AA26F45001821C1 /* AlertView.swift */ = {isa = PBXFileReference; lastKnownFileType = sourcecode.swift; path = AlertView.swift; sourceTree = "<group>"; };
		896AA7112AA27569001821C1 /* MovieListViewModelTests.swift */ = {isa = PBXFileReference; lastKnownFileType = sourcecode.swift; path = MovieListViewModelTests.swift; sourceTree = "<group>"; };
		896AA7132AA279BB001821C1 /* MovieDetailsViewModelTests.swift */ = {isa = PBXFileReference; lastKnownFileType = sourcecode.swift; path = MovieDetailsViewModelTests.swift; sourceTree = "<group>"; };
		896AA7152AA27C58001821C1 /* MovieDetailsUseCaseMock.swift */ = {isa = PBXFileReference; lastKnownFileType = sourcecode.swift; path = MovieDetailsUseCaseMock.swift; sourceTree = "<group>"; };
		896AA71B2AA28E3A001821C1 /* NetworkConstants.swift */ = {isa = PBXFileReference; lastKnownFileType = sourcecode.swift; path = NetworkConstants.swift; sourceTree = "<group>"; };
		89AE594F2A9BF0CA0008FD12 /* YassirMovies.app */ = {isa = PBXFileReference; explicitFileType = wrapper.application; includeInIndex = 0; path = YassirMovies.app; sourceTree = BUILT_PRODUCTS_DIR; };
		89AE59562A9BF0CC0008FD12 /* Assets.xcassets */ = {isa = PBXFileReference; lastKnownFileType = folder.assetcatalog; path = Assets.xcassets; sourceTree = "<group>"; };
		89AE595F2A9BF0CC0008FD12 /* YassirMoviesTests.xctest */ = {isa = PBXFileReference; explicitFileType = wrapper.cfbundle; includeInIndex = 0; path = YassirMoviesTests.xctest; sourceTree = BUILT_PRODUCTS_DIR; };
		89FC5DC32AA246B500C148FB /* MovieViewFactory.swift */ = {isa = PBXFileReference; lastKnownFileType = sourcecode.swift; path = MovieViewFactory.swift; sourceTree = "<group>"; };
/* End PBXFileReference section */

/* Begin PBXFrameworksBuildPhase section */
		89AE594C2A9BF0CA0008FD12 /* Frameworks */ = {
			isa = PBXFrameworksBuildPhase;
			buildActionMask = 2147483647;
			files = (
				895A9FE62A9D644E00BA6D39 /* YassirNetworking in Frameworks */,
			);
			runOnlyForDeploymentPostprocessing = 0;
		};
		89AE595C2A9BF0CC0008FD12 /* Frameworks */ = {
			isa = PBXFrameworksBuildPhase;
			buildActionMask = 2147483647;
			files = (
			);
			runOnlyForDeploymentPostprocessing = 0;
		};
/* End PBXFrameworksBuildPhase section */

/* Begin PBXGroup section */
		8903D8532AA00431004034D5 /* Mock */ = {
			isa = PBXGroup;
			children = (
				896AA7152AA27C58001821C1 /* MovieDetailsUseCaseMock.swift */,
				8903D8542AA00464004034D5 /* MovieListUseCaseMock.swift */,
				8903D8562AA00541004034D5 /* ServiceMock.swift */,
				8903D8582AA00695004034D5 /* DecodableEntityMock.swift */,
			);
			path = Mock;
			sourceTree = "<group>";
		};
		895A9FCA2A9C0F6B00BA6D39 /* Packages */ = {
			isa = PBXGroup;
			children = (
				895A9FCB2A9C0F6B00BA6D39 /* YassirNetworking */,
			);
			name = Packages;
			path = ..;
			sourceTree = "<group>";
		};
		895A9FCC2A9D55BE00BA6D39 /* Presentation */ = {
			isa = PBXGroup;
			children = (
				896AA7172AA28A40001821C1 /* Coordinator */,
				896AA7182AA28A4A001821C1 /* Factory */,
				895A9FEB2A9D66AD00BA6D39 /* MovieScene */,
			);
			path = Presentation;
			sourceTree = "<group>";
		};
		895A9FCD2A9D55C800BA6D39 /* Data */ = {
			isa = PBXGroup;
			children = (
				896AA71A2AA28E24001821C1 /* NetwokConstants */,
				895A9FD12A9D56AE00BA6D39 /* Requests */,
				895A9FD32A9D589E00BA6D39 /* Repository */,
				895A9FD22A9D589900BA6D39 /* DTO */,
			);
			path = Data;
			sourceTree = "<group>";
		};
		895A9FCE2A9D55D600BA6D39 /* Domain */ = {
			isa = PBXGroup;
			children = (
				895A9FDD2A9D5F6800BA6D39 /* UseCases */,
				895A9FDC2A9D5F6300BA6D39 /* Model */,
			);
			path = Domain;
			sourceTree = "<group>";
		};
		895A9FCF2A9D55DE00BA6D39 /* Resources */ = {
			isa = PBXGroup;
			children = (
				896AA70E2AA268B6001821C1 /* Info.plist */,
				89AE59562A9BF0CC0008FD12 /* Assets.xcassets */,
			);
			path = Resources;
			sourceTree = "<group>";
		};
		895A9FD12A9D56AE00BA6D39 /* Requests */ = {
			isa = PBXGroup;
			children = (
				895A9FD42A9D58C400BA6D39 /* MovieListRequest.swift */,
				895A9FF92A9F3E0C00BA6D39 /* MovieDetailsRequest.swift */,
			);
			path = Requests;
			sourceTree = "<group>";
		};
		895A9FD22A9D589900BA6D39 /* DTO */ = {
			isa = PBXGroup;
			children = (
				895A9FE02A9D611B00BA6D39 /* MovieEntity.swift */,
				895A9FE72A9D64DC00BA6D39 /* MovieResultEntity.swift */,
				895A9FFB2A9F423700BA6D39 /* MovieDetailsEntity.swift */,
			);
			path = DTO;
			sourceTree = "<group>";
		};
		895A9FD32A9D589E00BA6D39 /* Repository */ = {
			isa = PBXGroup;
			children = (
				895A9FD62A9D5D5500BA6D39 /* MovieListRepository.swift */,
				8903D84B2A9F46A6004034D5 /* MovieDetailsRepository.swift */,
			);
			path = Repository;
			sourceTree = "<group>";
		};
		895A9FDC2A9D5F6300BA6D39 /* Model */ = {
			isa = PBXGroup;
			children = (
				895A9FDE2A9D603D00BA6D39 /* MovieModel.swift */,
				8903D84F2A9F4C5E004034D5 /* MovieDetailsModel.swift */,
			);
			path = Model;
			sourceTree = "<group>";
		};
		895A9FDD2A9D5F6800BA6D39 /* UseCases */ = {
			isa = PBXGroup;
			children = (
				895A9FE92A9D658E00BA6D39 /* MovieListUseCase.swift */,
				8903D8512A9F50C6004034D5 /* MovieDetailsUseCase.swift */,
			);
			path = UseCases;
			sourceTree = "<group>";
		};
		895A9FE42A9D644E00BA6D39 /* Frameworks */ = {
			isa = PBXGroup;
			children = (
			);
			name = Frameworks;
			sourceTree = "<group>";
		};
		895A9FEB2A9D66AD00BA6D39 /* MovieScene */ = {
			isa = PBXGroup;
			children = (
				896AA7192AA28BB9001821C1 /* CommonViews */,
				895A9FEC2A9D66B400BA6D39 /* MovieList */,
				895A9FED2A9D66B800BA6D39 /* MovieDetails */,
			);
			path = MovieScene;
			sourceTree = "<group>";
		};
		895A9FEC2A9D66B400BA6D39 /* MovieList */ = {
			isa = PBXGroup;
			children = (
				895A9FF02A9D66D200BA6D39 /* MovieListViewModel.swift */,
				895A9FF22A9D66E600BA6D39 /* MovieListView.swift */,
			);
			path = MovieList;
			sourceTree = "<group>";
		};
		895A9FED2A9D66B800BA6D39 /* MovieDetails */ = {
			isa = PBXGroup;
			children = (
				895A9FF52A9F3D5E00BA6D39 /* MovieDetailsViewModel.swift */,
				895A9FF72A9F3D6800BA6D39 /* MovieDetailsView.swift */,
			);
			path = MovieDetails;
			sourceTree = "<group>";
		};
		895A9FF42A9D695500BA6D39 /* App */ = {
			isa = PBXGroup;
			children = (
				8903D8982AA20894004034D5 /* AppDelegate.swift */,
				8903D89A2AA2089D004034D5 /* SceneDelegate.swift */,
			);
			path = App;
			sourceTree = "<group>";
		};
		896AA7172AA28A40001821C1 /* Coordinator */ = {
			isa = PBXGroup;
			children = (
				8903D89C2AA20F8D004034D5 /* AppCoordinator.swift */,
			);
			path = Coordinator;
			sourceTree = "<group>";
		};
		896AA7182AA28A4A001821C1 /* Factory */ = {
			isa = PBXGroup;
			children = (
				89FC5DC32AA246B500C148FB /* MovieViewFactory.swift */,
			);
			path = Factory;
			sourceTree = "<group>";
		};
		896AA7192AA28BB9001821C1 /* CommonViews */ = {
			isa = PBXGroup;
			children = (
				896AA70F2AA26F45001821C1 /* AlertView.swift */,
			);
			path = CommonViews;
			sourceTree = "<group>";
		};
		896AA71A2AA28E24001821C1 /* NetwokConstants */ = {
			isa = PBXGroup;
			children = (
				896AA71B2AA28E3A001821C1 /* NetworkConstants.swift */,
			);
			path = NetwokConstants;
			sourceTree = "<group>";
		};
		89AE59462A9BF0CA0008FD12 = {
			isa = PBXGroup;
			children = (
				89AE59512A9BF0CA0008FD12 /* YassirMovies */,
				89AE59622A9BF0CC0008FD12 /* YassirMoviesTests */,
				89AE59502A9BF0CA0008FD12 /* Products */,
				895A9FE42A9D644E00BA6D39 /* Frameworks */,
			);
			sourceTree = "<group>";
		};
		89AE59502A9BF0CA0008FD12 /* Products */ = {
			isa = PBXGroup;
			children = (
				89AE594F2A9BF0CA0008FD12 /* YassirMovies.app */,
				89AE595F2A9BF0CC0008FD12 /* YassirMoviesTests.xctest */,
			);
			name = Products;
			sourceTree = "<group>";
		};
		89AE59512A9BF0CA0008FD12 /* YassirMovies */ = {
			isa = PBXGroup;
			children = (
				895A9FF42A9D695500BA6D39 /* App */,
				895A9FCD2A9D55C800BA6D39 /* Data */,
				895A9FCE2A9D55D600BA6D39 /* Domain */,
				895A9FCC2A9D55BE00BA6D39 /* Presentation */,
				895A9FCA2A9C0F6B00BA6D39 /* Packages */,
				895A9FCF2A9D55DE00BA6D39 /* Resources */,
			);
			path = YassirMovies;
			sourceTree = "<group>";
		};
		89AE59622A9BF0CC0008FD12 /* YassirMoviesTests */ = {
			isa = PBXGroup;
			children = (
				8903D8532AA00431004034D5 /* Mock */,
				896AA7112AA27569001821C1 /* MovieListViewModelTests.swift */,
				896AA7132AA279BB001821C1 /* MovieDetailsViewModelTests.swift */,
			);
			path = YassirMoviesTests;
			sourceTree = "<group>";
		};
/* End PBXGroup section */

/* Begin PBXNativeTarget section */
		89AE594E2A9BF0CA0008FD12 /* YassirMovies */ = {
			isa = PBXNativeTarget;
			buildConfigurationList = 89AE59732A9BF0CC0008FD12 /* Build configuration list for PBXNativeTarget "YassirMovies" */;
			buildPhases = (
				89AE594B2A9BF0CA0008FD12 /* Sources */,
				89AE594C2A9BF0CA0008FD12 /* Frameworks */,
				89AE594D2A9BF0CA0008FD12 /* Resources */,
			);
			buildRules = (
			);
			dependencies = (
			);
			name = YassirMovies;
			packageProductDependencies = (
				895A9FE52A9D644E00BA6D39 /* YassirNetworking */,
			);
			productName = YassirMovies;
			productReference = 89AE594F2A9BF0CA0008FD12 /* YassirMovies.app */;
			productType = "com.apple.product-type.application";
		};
		89AE595E2A9BF0CC0008FD12 /* YassirMoviesTests */ = {
			isa = PBXNativeTarget;
			buildConfigurationList = 89AE59762A9BF0CC0008FD12 /* Build configuration list for PBXNativeTarget "YassirMoviesTests" */;
			buildPhases = (
				89AE595B2A9BF0CC0008FD12 /* Sources */,
				89AE595C2A9BF0CC0008FD12 /* Frameworks */,
				89AE595D2A9BF0CC0008FD12 /* Resources */,
			);
			buildRules = (
			);
			dependencies = (
				89AE59612A9BF0CC0008FD12 /* PBXTargetDependency */,
			);
			name = YassirMoviesTests;
			productName = YassirMoviesTests;
			productReference = 89AE595F2A9BF0CC0008FD12 /* YassirMoviesTests.xctest */;
			productType = "com.apple.product-type.bundle.unit-test";
		};
/* End PBXNativeTarget section */

/* Begin PBXProject section */
		89AE59472A9BF0CA0008FD12 /* Project object */ = {
			isa = PBXProject;
			attributes = {
				BuildIndependentTargetsInParallel = 1;
				LastSwiftUpdateCheck = 1430;
				LastUpgradeCheck = 1430;
				TargetAttributes = {
					89AE594E2A9BF0CA0008FD12 = {
						CreatedOnToolsVersion = 14.3.1;
					};
					89AE595E2A9BF0CC0008FD12 = {
						CreatedOnToolsVersion = 14.3.1;
						TestTargetID = 89AE594E2A9BF0CA0008FD12;
					};
				};
			};
			buildConfigurationList = 89AE594A2A9BF0CA0008FD12 /* Build configuration list for PBXProject "YassirMovies" */;
			compatibilityVersion = "Xcode 14.0";
			developmentRegion = en;
			hasScannedForEncodings = 0;
			knownRegions = (
				en,
				Base,
			);
			mainGroup = 89AE59462A9BF0CA0008FD12;
			productRefGroup = 89AE59502A9BF0CA0008FD12 /* Products */;
			projectDirPath = "";
			projectRoot = "";
			targets = (
				89AE594E2A9BF0CA0008FD12 /* YassirMovies */,
				89AE595E2A9BF0CC0008FD12 /* YassirMoviesTests */,
			);
		};
/* End PBXProject section */

/* Begin PBXResourcesBuildPhase section */
		89AE594D2A9BF0CA0008FD12 /* Resources */ = {
			isa = PBXResourcesBuildPhase;
			buildActionMask = 2147483647;
			files = (
				89AE59572A9BF0CC0008FD12 /* Assets.xcassets in Resources */,
			);
			runOnlyForDeploymentPostprocessing = 0;
		};
		89AE595D2A9BF0CC0008FD12 /* Resources */ = {
			isa = PBXResourcesBuildPhase;
			buildActionMask = 2147483647;
			files = (
			);
			runOnlyForDeploymentPostprocessing = 0;
		};
/* End PBXResourcesBuildPhase section */

/* Begin PBXSourcesBuildPhase section */
		89AE594B2A9BF0CA0008FD12 /* Sources */ = {
			isa = PBXSourcesBuildPhase;
			buildActionMask = 2147483647;
			files = (
				896AA71C2AA28E3A001821C1 /* NetworkConstants.swift in Sources */,
				895A9FDF2A9D603D00BA6D39 /* MovieModel.swift in Sources */,
				895A9FF32A9D66E600BA6D39 /* MovieListView.swift in Sources */,
				8903D8992AA20894004034D5 /* AppDelegate.swift in Sources */,
				896AA7102AA26F45001821C1 /* AlertView.swift in Sources */,
				895A9FD72A9D5D5500BA6D39 /* MovieListRepository.swift in Sources */,
				8903D8522A9F50C6004034D5 /* MovieDetailsUseCase.swift in Sources */,
				8903D89D2AA20F8D004034D5 /* AppCoordinator.swift in Sources */,
				8903D8502A9F4C5E004034D5 /* MovieDetailsModel.swift in Sources */,
				895A9FD52A9D58C400BA6D39 /* MovieListRequest.swift in Sources */,
				895A9FF62A9F3D5E00BA6D39 /* MovieDetailsViewModel.swift in Sources */,
				895A9FFC2A9F423700BA6D39 /* MovieDetailsEntity.swift in Sources */,
				89FC5DC42AA246B500C148FB /* MovieViewFactory.swift in Sources */,
				895A9FF82A9F3D6800BA6D39 /* MovieDetailsView.swift in Sources */,
				895A9FE12A9D611B00BA6D39 /* MovieEntity.swift in Sources */,
				8903D84C2A9F46A6004034D5 /* MovieDetailsRepository.swift in Sources */,
				895A9FEA2A9D658E00BA6D39 /* MovieListUseCase.swift in Sources */,
				8903D89B2AA2089D004034D5 /* SceneDelegate.swift in Sources */,
				895A9FF12A9D66D200BA6D39 /* MovieListViewModel.swift in Sources */,
				895A9FE82A9D64DC00BA6D39 /* MovieResultEntity.swift in Sources */,
				895A9FFA2A9F3E0C00BA6D39 /* MovieDetailsRequest.swift in Sources */,
			);
			runOnlyForDeploymentPostprocessing = 0;
		};
		89AE595B2A9BF0CC0008FD12 /* Sources */ = {
			isa = PBXSourcesBuildPhase;
			buildActionMask = 2147483647;
			files = (
				8903D8572AA00541004034D5 /* ServiceMock.swift in Sources */,
				896AA7142AA279BB001821C1 /* MovieDetailsViewModelTests.swift in Sources */,
				8903D8552AA00464004034D5 /* MovieListUseCaseMock.swift in Sources */,
				8903D8592AA00695004034D5 /* DecodableEntityMock.swift in Sources */,
				896AA7122AA27569001821C1 /* MovieListViewModelTests.swift in Sources */,
				896AA7162AA27C58001821C1 /* MovieDetailsUseCaseMock.swift in Sources */,
			);
			runOnlyForDeploymentPostprocessing = 0;
		};
/* End PBXSourcesBuildPhase section */

/* Begin PBXTargetDependency section */
		89AE59612A9BF0CC0008FD12 /* PBXTargetDependency */ = {
			isa = PBXTargetDependency;
			target = 89AE594E2A9BF0CA0008FD12 /* YassirMovies */;
			targetProxy = 89AE59602A9BF0CC0008FD12 /* PBXContainerItemProxy */;
		};
/* End PBXTargetDependency section */

/* Begin XCBuildConfiguration section */
		89AE59712A9BF0CC0008FD12 /* Debug */ = {
			isa = XCBuildConfiguration;
			buildSettings = {
				ALWAYS_SEARCH_USER_PATHS = NO;
				CLANG_ANALYZER_NONNULL = YES;
				CLANG_ANALYZER_NUMBER_OBJECT_CONVERSION = YES_AGGRESSIVE;
				CLANG_CXX_LANGUAGE_STANDARD = "gnu++20";
				CLANG_ENABLE_MODULES = YES;
				CLANG_ENABLE_OBJC_ARC = YES;
				CLANG_ENABLE_OBJC_WEAK = YES;
				CLANG_WARN_BLOCK_CAPTURE_AUTORELEASING = YES;
				CLANG_WARN_BOOL_CONVERSION = YES;
				CLANG_WARN_COMMA = YES;
				CLANG_WARN_CONSTANT_CONVERSION = YES;
				CLANG_WARN_DEPRECATED_OBJC_IMPLEMENTATIONS = YES;
				CLANG_WARN_DIRECT_OBJC_ISA_USAGE = YES_ERROR;
				CLANG_WARN_DOCUMENTATION_COMMENTS = YES;
				CLANG_WARN_EMPTY_BODY = YES;
				CLANG_WARN_ENUM_CONVERSION = YES;
				CLANG_WARN_INFINITE_RECURSION = YES;
				CLANG_WARN_INT_CONVERSION = YES;
				CLANG_WARN_NON_LITERAL_NULL_CONVERSION = YES;
				CLANG_WARN_OBJC_IMPLICIT_RETAIN_SELF = YES;
				CLANG_WARN_OBJC_LITERAL_CONVERSION = YES;
				CLANG_WARN_OBJC_ROOT_CLASS = YES_ERROR;
				CLANG_WARN_QUOTED_INCLUDE_IN_FRAMEWORK_HEADER = YES;
				CLANG_WARN_RANGE_LOOP_ANALYSIS = YES;
				CLANG_WARN_STRICT_PROTOTYPES = YES;
				CLANG_WARN_SUSPICIOUS_MOVE = YES;
				CLANG_WARN_UNGUARDED_AVAILABILITY = YES_AGGRESSIVE;
				CLANG_WARN_UNREACHABLE_CODE = YES;
				CLANG_WARN__DUPLICATE_METHOD_MATCH = YES;
				COPY_PHASE_STRIP = NO;
				DEBUG_INFORMATION_FORMAT = dwarf;
				ENABLE_STRICT_OBJC_MSGSEND = YES;
				ENABLE_TESTABILITY = YES;
				GCC_C_LANGUAGE_STANDARD = gnu11;
				GCC_DYNAMIC_NO_PIC = NO;
				GCC_NO_COMMON_BLOCKS = YES;
				GCC_OPTIMIZATION_LEVEL = 0;
				GCC_PREPROCESSOR_DEFINITIONS = (
					"DEBUG=1",
					"$(inherited)",
				);
				GCC_WARN_64_TO_32_BIT_CONVERSION = YES;
				GCC_WARN_ABOUT_RETURN_TYPE = YES_ERROR;
				GCC_WARN_UNDECLARED_SELECTOR = YES;
				GCC_WARN_UNINITIALIZED_AUTOS = YES_AGGRESSIVE;
				GCC_WARN_UNUSED_FUNCTION = YES;
				GCC_WARN_UNUSED_VARIABLE = YES;
				IPHONEOS_DEPLOYMENT_TARGET = 16.4;
				MTL_ENABLE_DEBUG_INFO = INCLUDE_SOURCE;
				MTL_FAST_MATH = YES;
				ONLY_ACTIVE_ARCH = YES;
				SDKROOT = iphoneos;
				SWIFT_ACTIVE_COMPILATION_CONDITIONS = DEBUG;
				SWIFT_OPTIMIZATION_LEVEL = "-Onone";
			};
			name = Debug;
		};
		89AE59722A9BF0CC0008FD12 /* Release */ = {
			isa = XCBuildConfiguration;
			buildSettings = {
				ALWAYS_SEARCH_USER_PATHS = NO;
				CLANG_ANALYZER_NONNULL = YES;
				CLANG_ANALYZER_NUMBER_OBJECT_CONVERSION = YES_AGGRESSIVE;
				CLANG_CXX_LANGUAGE_STANDARD = "gnu++20";
				CLANG_ENABLE_MODULES = YES;
				CLANG_ENABLE_OBJC_ARC = YES;
				CLANG_ENABLE_OBJC_WEAK = YES;
				CLANG_WARN_BLOCK_CAPTURE_AUTORELEASING = YES;
				CLANG_WARN_BOOL_CONVERSION = YES;
				CLANG_WARN_COMMA = YES;
				CLANG_WARN_CONSTANT_CONVERSION = YES;
				CLANG_WARN_DEPRECATED_OBJC_IMPLEMENTATIONS = YES;
				CLANG_WARN_DIRECT_OBJC_ISA_USAGE = YES_ERROR;
				CLANG_WARN_DOCUMENTATION_COMMENTS = YES;
				CLANG_WARN_EMPTY_BODY = YES;
				CLANG_WARN_ENUM_CONVERSION = YES;
				CLANG_WARN_INFINITE_RECURSION = YES;
				CLANG_WARN_INT_CONVERSION = YES;
				CLANG_WARN_NON_LITERAL_NULL_CONVERSION = YES;
				CLANG_WARN_OBJC_IMPLICIT_RETAIN_SELF = YES;
				CLANG_WARN_OBJC_LITERAL_CONVERSION = YES;
				CLANG_WARN_OBJC_ROOT_CLASS = YES_ERROR;
				CLANG_WARN_QUOTED_INCLUDE_IN_FRAMEWORK_HEADER = YES;
				CLANG_WARN_RANGE_LOOP_ANALYSIS = YES;
				CLANG_WARN_STRICT_PROTOTYPES = YES;
				CLANG_WARN_SUSPICIOUS_MOVE = YES;
				CLANG_WARN_UNGUARDED_AVAILABILITY = YES_AGGRESSIVE;
				CLANG_WARN_UNREACHABLE_CODE = YES;
				CLANG_WARN__DUPLICATE_METHOD_MATCH = YES;
				COPY_PHASE_STRIP = NO;
				DEBUG_INFORMATION_FORMAT = "dwarf-with-dsym";
				ENABLE_NS_ASSERTIONS = NO;
				ENABLE_STRICT_OBJC_MSGSEND = YES;
				GCC_C_LANGUAGE_STANDARD = gnu11;
				GCC_NO_COMMON_BLOCKS = YES;
				GCC_WARN_64_TO_32_BIT_CONVERSION = YES;
				GCC_WARN_ABOUT_RETURN_TYPE = YES_ERROR;
				GCC_WARN_UNDECLARED_SELECTOR = YES;
				GCC_WARN_UNINITIALIZED_AUTOS = YES_AGGRESSIVE;
				GCC_WARN_UNUSED_FUNCTION = YES;
				GCC_WARN_UNUSED_VARIABLE = YES;
				IPHONEOS_DEPLOYMENT_TARGET = 16.4;
				MTL_ENABLE_DEBUG_INFO = NO;
				MTL_FAST_MATH = YES;
				SDKROOT = iphoneos;
				SWIFT_COMPILATION_MODE = wholemodule;
				SWIFT_OPTIMIZATION_LEVEL = "-O";
				VALIDATE_PRODUCT = YES;
			};
			name = Release;
		};
		89AE59742A9BF0CC0008FD12 /* Debug */ = {
			isa = XCBuildConfiguration;
			buildSettings = {
				ASSETCATALOG_COMPILER_APPICON_NAME = AppIcon;
				ASSETCATALOG_COMPILER_GLOBAL_ACCENT_COLOR_NAME = AccentColor;
				CODE_SIGN_STYLE = Automatic;
				CURRENT_PROJECT_VERSION = 1;
				DEVELOPMENT_ASSET_PATHS = "\"YassirMovies/Preview Content\"";
				DEVELOPMENT_TEAM = BJY4QR83T9;
				ENABLE_PREVIEWS = YES;
				GENERATE_INFOPLIST_FILE = YES;
				INFOPLIST_FILE = YassirMovies/Resources/Info.plist;
				INFOPLIST_KEY_UIApplicationSceneManifest_Generation = YES;
				INFOPLIST_KEY_UIApplicationSupportsIndirectInputEvents = YES;
				INFOPLIST_KEY_UILaunchScreen_Generation = YES;
				INFOPLIST_KEY_UISupportedInterfaceOrientations_iPad = "UIInterfaceOrientationPortrait UIInterfaceOrientationPortraitUpsideDown UIInterfaceOrientationLandscapeLeft UIInterfaceOrientationLandscapeRight";
				INFOPLIST_KEY_UISupportedInterfaceOrientations_iPhone = "UIInterfaceOrientationPortrait UIInterfaceOrientationLandscapeLeft UIInterfaceOrientationLandscapeRight";
				LD_RUNPATH_SEARCH_PATHS = (
					"$(inherited)",
					"@executable_path/Frameworks",
				);
				MARKETING_VERSION = 1.0;
				PRODUCT_BUNDLE_IDENTIFIER = com.winterOwls.YassirMovies;
				PRODUCT_NAME = "$(TARGET_NAME)";
				SWIFT_EMIT_LOC_STRINGS = YES;
				SWIFT_VERSION = 5.0;
				TARGETED_DEVICE_FAMILY = "1,2";
			};
			name = Debug;
		};
		89AE59752A9BF0CC0008FD12 /* Release */ = {
			isa = XCBuildConfiguration;
			buildSettings = {
				ASSETCATALOG_COMPILER_APPICON_NAME = AppIcon;
				ASSETCATALOG_COMPILER_GLOBAL_ACCENT_COLOR_NAME = AccentColor;
				CODE_SIGN_STYLE = Automatic;
				CURRENT_PROJECT_VERSION = 1;
				DEVELOPMENT_ASSET_PATHS = "\"YassirMovies/Preview Content\"";
				DEVELOPMENT_TEAM = BJY4QR83T9;
				ENABLE_PREVIEWS = YES;
				GENERATE_INFOPLIST_FILE = YES;
				INFOPLIST_FILE = YassirMovies/Resources/Info.plist;
				INFOPLIST_KEY_UIApplicationSceneManifest_Generation = YES;
				INFOPLIST_KEY_UIApplicationSupportsIndirectInputEvents = YES;
				INFOPLIST_KEY_UILaunchScreen_Generation = YES;
				INFOPLIST_KEY_UISupportedInterfaceOrientations_iPad = "UIInterfaceOrientationPortrait UIInterfaceOrientationPortraitUpsideDown UIInterfaceOrientationLandscapeLeft UIInterfaceOrientationLandscapeRight";
				INFOPLIST_KEY_UISupportedInterfaceOrientations_iPhone = "UIInterfaceOrientationPortrait UIInterfaceOrientationLandscapeLeft UIInterfaceOrientationLandscapeRight";
				LD_RUNPATH_SEARCH_PATHS = (
					"$(inherited)",
					"@executable_path/Frameworks",
				);
				MARKETING_VERSION = 1.0;
				PRODUCT_BUNDLE_IDENTIFIER = com.winterOwls.YassirMovies;
				PRODUCT_NAME = "$(TARGET_NAME)";
				SWIFT_EMIT_LOC_STRINGS = YES;
				SWIFT_VERSION = 5.0;
				TARGETED_DEVICE_FAMILY = "1,2";
			};
			name = Release;
		};
		89AE59772A9BF0CC0008FD12 /* Debug */ = {
			isa = XCBuildConfiguration;
			buildSettings = {
				ALWAYS_EMBED_SWIFT_STANDARD_LIBRARIES = YES;
				BUNDLE_LOADER = "$(TEST_HOST)";
				CODE_SIGN_STYLE = Automatic;
				CURRENT_PROJECT_VERSION = 1;
				DEVELOPMENT_TEAM = BJY4QR83T9;
				GENERATE_INFOPLIST_FILE = YES;
				IPHONEOS_DEPLOYMENT_TARGET = 16.4;
				MARKETING_VERSION = 1.0;
				PRODUCT_BUNDLE_IDENTIFIER = com.winterOwls.YassirMoviesTests;
				PRODUCT_NAME = "$(TARGET_NAME)";
				SWIFT_EMIT_LOC_STRINGS = NO;
				SWIFT_VERSION = 5.0;
				TARGETED_DEVICE_FAMILY = "1,2";
				TEST_HOST = "$(BUILT_PRODUCTS_DIR)/YassirMovies.app/$(BUNDLE_EXECUTABLE_FOLDER_PATH)/YassirMovies";
			};
			name = Debug;
		};
		89AE59782A9BF0CC0008FD12 /* Release */ = {
			isa = XCBuildConfiguration;
			buildSettings = {
				ALWAYS_EMBED_SWIFT_STANDARD_LIBRARIES = YES;
				BUNDLE_LOADER = "$(TEST_HOST)";
				CODE_SIGN_STYLE = Automatic;
				CURRENT_PROJECT_VERSION = 1;
				DEVELOPMENT_TEAM = BJY4QR83T9;
				GENERATE_INFOPLIST_FILE = YES;
				IPHONEOS_DEPLOYMENT_TARGET = 16.4;
				MARKETING_VERSION = 1.0;
				PRODUCT_BUNDLE_IDENTIFIER = com.winterOwls.YassirMoviesTests;
				PRODUCT_NAME = "$(TARGET_NAME)";
				SWIFT_EMIT_LOC_STRINGS = NO;
				SWIFT_VERSION = 5.0;
				TARGETED_DEVICE_FAMILY = "1,2";
				TEST_HOST = "$(BUILT_PRODUCTS_DIR)/YassirMovies.app/$(BUNDLE_EXECUTABLE_FOLDER_PATH)/YassirMovies";
			};
			name = Release;
		};
/* End XCBuildConfiguration section */

/* Begin XCConfigurationList section */
		89AE594A2A9BF0CA0008FD12 /* Build configuration list for PBXProject "YassirMovies" */ = {
			isa = XCConfigurationList;
			buildConfigurations = (
				89AE59712A9BF0CC0008FD12 /* Debug */,
				89AE59722A9BF0CC0008FD12 /* Release */,
			);
			defaultConfigurationIsVisible = 0;
			defaultConfigurationName = Release;
		};
		89AE59732A9BF0CC0008FD12 /* Build configuration list for PBXNativeTarget "YassirMovies" */ = {
			isa = XCConfigurationList;
			buildConfigurations = (
				89AE59742A9BF0CC0008FD12 /* Debug */,
				89AE59752A9BF0CC0008FD12 /* Release */,
			);
			defaultConfigurationIsVisible = 0;
			defaultConfigurationName = Release;
		};
		89AE59762A9BF0CC0008FD12 /* Build configuration list for PBXNativeTarget "YassirMoviesTests" */ = {
			isa = XCConfigurationList;
			buildConfigurations = (
				89AE59772A9BF0CC0008FD12 /* Debug */,
				89AE59782A9BF0CC0008FD12 /* Release */,
			);
			defaultConfigurationIsVisible = 0;
			defaultConfigurationName = Release;
		};
/* End XCConfigurationList section */

/* Begin XCSwiftPackageProductDependency section */
		895A9FE52A9D644E00BA6D39 /* YassirNetworking */ = {
			isa = XCSwiftPackageProductDependency;
			productName = YassirNetworking;
		};
/* End XCSwiftPackageProductDependency section */
	};
	rootObject = 89AE59472A9BF0CA0008FD12 /* Project object */;
}
